{
  "originHash" : "d335aeb1a8560a38baab00bf6aa51481810f7d6f5edbafd01ea7d5bd93ecd25a",
  "pins" : [
    {
      "identity" : "capacitor-swift-pm",
      "kind" : "remoteSourceControl",
      "location" : "https://github.com/ionic-team/capacitor-swift-pm.git",
      "state" : {
        "revision" : "1a8565426224c0fdfaf5a7b746ab8e490bb0b67e",
        "version" : "7.4.5"
      }
    },
    {
      "identity" : "ion-ios-filesystem",
      "kind" : "remoteSourceControl",
      "location" : "https://github.com/ionic-team/ion-ios-filesystem.git",
      "state" : {
        "revision" : "dd9052cfb55b70771d04deb427f94e19ea31c372",
        "version" : "1.0.1"
      }
    }
  ],
  "version" : 3
}
